# THIS IS AN AUTOGENERATED FILE. DO NOT EDIT THIS FILE DIRECTLY.
# yarn lockfile v1


"@playwright/test@^1.23.4":
  version "1.23.4"
  resolved "https://registry.yarnpkg.com/@playwright/test/-/test-1.23.4.tgz#d742ed34fc3eb09e29c2e652c2a646ba1e3c6b08"
  integrity sha512-iIsoMJDS/lyuhw82FtcV/B3PXikgVD3hNe5hyvOpRM0uRr1OIpN3LgPeRbBjhzBWmyf6RgRg5fqK5sVcpA03yA==
  dependencies:
    "@types/node" "*"
    playwright-core "1.23.4"

"@types/node@*":
  version "18.0.6"
  resolved "https://registry.yarnpkg.com/@types/node/-/node-18.0.6.tgz#0ba49ac517ad69abe7a1508bc9b3a5483df9d5d7"
  integrity sha512-/xUq6H2aQm261exT6iZTMifUySEt4GR5KX8eYyY+C4MSNPqSh9oNIP7tz2GLKTlFaiBbgZNxffoR3CVRG+cljw==

playwright-core@1.23.4:
  version "1.23.4"
  resolved "https://registry.yarnpkg.com/playwright-core/-/playwright-core-1.23.4.tgz#e8a45e549faf6bfad24a0e9998e451979514d41e"
  integrity sha512-h5V2yw7d8xIwotjyNrkLF13nV9RiiZLHdXeHo+nVJIYGVlZ8U2qV0pMxNJKNTvfQVT0N8/A4CW6/4EW2cOcTiA==
